// !$*UTF8*$!
{
	archiveVersion = 1;
	classes = {
	};
	objectVersion = 46;
	objects = {

/* Begin PBXBuildFile section */
		AD723923169E6694009329A2 /* Default-Portrait~ipad.png in Resources */ = {isa = PBXBuildFile; fileRef = AD723922169E6694009329A2 /* Default-Portrait~ipad.png */; };
		AD723925169E6698009329A2 /* Default-Portrait@2x~ipad.png in Resources */ = {isa = PBXBuildFile; fileRef = AD723924169E6698009329A2 /* Default-Portrait@2x~ipad.png */; };
		AD723927169E66A1009329A2 /* ReactorIcon.png in Resources */ = {isa = PBXBuildFile; fileRef = AD723926169E66A1009329A2 /* ReactorIcon.png */; };
		AD723929169E66A5009329A2 /* ReactorIconRetina.png in Resources */ = {isa = PBXBuildFile; fileRef = AD723928169E66A5009329A2 /* ReactorIconRetina.png */; };
		ADEB9475167AD62C00AC9E4C /* UIKit.framework in Frameworks */ = {isa = PBXBuildFile; fileRef = ADEB9474167AD62C00AC9E4C /* UIKit.framework */; };
		ADEB9477167AD62C00AC9E4C /* Foundation.framework in Frameworks */ = {isa = PBXBuildFile; fileRef = ADEB9476167AD62C00AC9E4C /* Foundation.framework */; };
		ADEB9479167AD62C00AC9E4C /* CoreGraphics.framework in Frameworks */ = {isa = PBXBuildFile; fileRef = ADEB9478167AD62C00AC9E4C /* CoreGraphics.framework */; };
		ADEB947F167AD62C00AC9E4C /* InfoPlist.strings in Resources */ = {isa = PBXBuildFile; fileRef = ADEB947D167AD62C00AC9E4C /* InfoPlist.strings */; };
		ADEB9481167AD62C00AC9E4C /* main.m in Sources */ = {isa = PBXBuildFile; fileRef = ADEB9480167AD62C00AC9E4C /* main.m */; };
		ADEB9485167AD62C00AC9E4C /* QuizAppDelegate.m in Sources */ = {isa = PBXBuildFile; fileRef = ADEB9484167AD62C00AC9E4C /* QuizAppDelegate.m */; };
		ADEB9488167AD62C00AC9E4C /* QuizViewController.m in Sources */ = {isa = PBXBuildFile; fileRef = ADEB9487167AD62C00AC9E4C /* QuizViewController.m */; };
		ADEB948B167AD62C00AC9E4C /* QuizViewController.xib in Resources */ = {isa = PBXBuildFile; fileRef = ADEB9489167AD62C00AC9E4C /* QuizViewController.xib */; };
/* End PBXBuildFile section */

/* Begin PBXFileReference section */
		AD723922169E6694009329A2 /* Default-Portrait~ipad.png */ = {isa = PBXFileReference; lastKnownFileType = image.png; path = "Default-Portrait~ipad.png"; sourceTree = "<group>"; };
		AD723924169E6698009329A2 /* Default-Portrait@2x~ipad.png */ = {isa = PBXFileReference; lastKnownFileType = image.png; path = "Default-Portrait@2x~ipad.png"; sourceTree = "<group>"; };
		AD723926169E66A1009329A2 /* ReactorIcon.png */ = {isa = PBXFileReference; lastKnownFileType = image.png; path = ReactorIcon.png; sourceTree = "<group>"; };
		AD723928169E66A5009329A2 /* ReactorIconRetina.png */ = {isa = PBXFileReference; lastKnownFileType = image.png; path = ReactorIconRetina.png; sourceTree = "<group>"; };
		ADEB9470167AD62C00AC9E4C /* 01.Quiz.app */ = {isa = PBXFileReference; explicitFileType = wrapper.application; includeInIndex = 0; path = 01.Quiz.app; sourceTree = BUILT_PRODUCTS_DIR; };
		ADEB9474167AD62C00AC9E4C /* UIKit.framework */ = {isa = PBXFileReference; lastKnownFileType = wrapper.framework; name = UIKit.framework; path = System/Library/Frameworks/UIKit.framework; sourceTree = SDKROOT; };
		ADEB9476167AD62C00AC9E4C /* Foundation.framework */ = {isa = PBXFileReference; lastKnownFileType = wrapper.framework; name = Foundation.framework; path = System/Library/Frameworks/Foundation.framework; sourceTree = SDKROOT; };
		ADEB9478167AD62C00AC9E4C /* CoreGraphics.framework */ = {isa = PBXFileReference; lastKnownFileType = wrapper.framework; name = CoreGraphics.framework; path = System/Library/Frameworks/CoreGraphics.framework; sourceTree = SDKROOT; };
		ADEB947C167AD62C00AC9E4C /* 01.Quiz-Info.plist */ = {isa = PBXFileReference; lastKnownFileType = text.plist.xml; path = "01.Quiz-Info.plist"; sourceTree = "<group>"; };
		ADEB947E167AD62C00AC9E4C /* en */ = {isa = PBXFileReference; lastKnownFileType = text.plist.strings; name = en; path = en.lproj/InfoPlist.strings; sourceTree = "<group>"; };
		ADEB9480167AD62C00AC9E4C /* main.m */ = {isa = PBXFileReference; lastKnownFileType = sourcecode.c.objc; path = main.m; sourceTree = "<group>"; };
		ADEB9482167AD62C00AC9E4C /* 01.Quiz-Prefix.pch */ = {isa = PBXFileReference; lastKnownFileType = sourcecode.c.h; path = "01.Quiz-Prefix.pch"; sourceTree = "<group>"; };
		ADEB9483167AD62C00AC9E4C /* QuizAppDelegate.h */ = {isa = PBXFileReference; lastKnownFileType = sourcecode.c.h; path = QuizAppDelegate.h; sourceTree = "<group>"; };
		ADEB9484167AD62C00AC9E4C /* QuizAppDelegate.m */ = {isa = PBXFileReference; lastKnownFileType = sourcecode.c.objc; path = QuizAppDelegate.m; sourceTree = "<group>"; };
		ADEB9486167AD62C00AC9E4C /* QuizViewController.h */ = {isa = PBXFileReference; lastKnownFileType = sourcecode.c.h; path = QuizViewController.h; sourceTree = "<group>"; };
		ADEB9487167AD62C00AC9E4C /* QuizViewController.m */ = {isa = PBXFileReference; lastKnownFileType = sourcecode.c.objc; path = QuizViewController.m; sourceTree = "<group>"; };
		ADEB948A167AD62C00AC9E4C /* en */ = {isa = PBXFileReference; lastKnownFileType = file.xib; name = en; path = en.lproj/QuizViewController.xib; sourceTree = "<group>"; };
/* End PBXFileReference section */

/* Begin PBXFrameworksBuildPhase section */
		ADEB946D167AD62C00AC9E4C /* Frameworks */ = {
			isa = PBXFrameworksBuildPhase;
			buildActionMask = 2147483647;
			files = (
				ADEB9475167AD62C00AC9E4C /* UIKit.framework in Frameworks */,
				ADEB9477167AD62C00AC9E4C /* Foundation.framework in Frameworks */,
				ADEB9479167AD62C00AC9E4C /* CoreGraphics.framework in Frameworks */,
			);
			runOnlyForDeploymentPostprocessing = 0;
		};
/* End PBXFrameworksBuildPhase section */

/* Begin PBXGroup section */
		ADEB9465167AD62C00AC9E4C = {
			isa = PBXGroup;
			children = (
				AD723928169E66A5009329A2 /* ReactorIconRetina.png */,
				AD723926169E66A1009329A2 /* ReactorIcon.png */,
				AD723924169E6698009329A2 /* Default-Portrait@2x~ipad.png */,
				AD723922169E6694009329A2 /* Default-Portrait~ipad.png */,
				ADEB947A167AD62C00AC9E4C /* Quiz */,
				ADEB9473167AD62C00AC9E4C /* Frameworks */,
				ADEB9471167AD62C00AC9E4C /* Products */,
			);
			sourceTree = "<group>";
		};
		ADEB9471167AD62C00AC9E4C /* Products */ = {
			isa = PBXGroup;
			children = (
				ADEB9470167AD62C00AC9E4C /* 01.Quiz.app */,
			);
			name = Products;
			sourceTree = "<group>";
		};
		ADEB9473167AD62C00AC9E4C /* Frameworks */ = {
			isa = PBXGroup;
			children = (
				ADEB9474167AD62C00AC9E4C /* UIKit.framework */,
				ADEB9476167AD62C00AC9E4C /* Foundation.framework */,
				ADEB9478167AD62C00AC9E4C /* CoreGraphics.framework */,
			);
			name = Frameworks;
			sourceTree = "<group>";
		};
		ADEB947A167AD62C00AC9E4C /* Quiz */ = {
			isa = PBXGroup;
			children = (
				ADEB9483167AD62C00AC9E4C /* QuizAppDelegate.h */,
				ADEB9484167AD62C00AC9E4C /* QuizAppDelegate.m */,
				ADEB9486167AD62C00AC9E4C /* QuizViewController.h */,
				ADEB9487167AD62C00AC9E4C /* QuizViewController.m */,
				ADEB9489167AD62C00AC9E4C /* QuizViewController.xib */,
				ADEB947B167AD62C00AC9E4C /* Supporting Files */,
			);
			path = Quiz;
			sourceTree = "<group>";
		};
		ADEB947B167AD62C00AC9E4C /* Supporting Files */ = {
			isa = PBXGroup;
			children = (
				ADEB947C167AD62C00AC9E4C /* 01.Quiz-Info.plist */,
				ADEB947D167AD62C00AC9E4C /* InfoPlist.strings */,
				ADEB9480167AD62C00AC9E4C /* main.m */,
				ADEB9482167AD62C00AC9E4C /* 01.Quiz-Prefix.pch */,
			);
			name = "Supporting Files";
			sourceTree = "<group>";
		};
/* End PBXGroup section */

/* Begin PBXNativeTarget section */
		ADEB946F167AD62C00AC9E4C /* 01.Quiz */ = {
			isa = PBXNativeTarget;
			buildConfigurationList = ADEB948E167AD62C00AC9E4C /* Build configuration list for PBXNativeTarget "01.Quiz" */;
			buildPhases = (
				ADEB946C167AD62C00AC9E4C /* Sources */,
				ADEB946D167AD62C00AC9E4C /* Frameworks */,
				ADEB946E167AD62C00AC9E4C /* Resources */,
			);
			buildRules = (
			);
			dependencies = (
			);
			name = 01.Quiz;
			productName = Quiz;
			productReference = ADEB9470167AD62C00AC9E4C /* 01.Quiz.app */;
			productType = "com.apple.product-type.application";
		};
/* End PBXNativeTarget section */

/* Begin PBXProject section */
		ADEB9467167AD62C00AC9E4C /* Project object */ = {
			isa = PBXProject;
			attributes = {
				CLASSPREFIX = Quiz;
				LastUpgradeCheck = 0430;
				ORGANIZATIONNAME = LANDesk;
			};
			buildConfigurationList = ADEB946A167AD62C00AC9E4C /* Build configuration list for PBXProject "01.Quiz" */;
			compatibilityVersion = "Xcode 3.2";
			developmentRegion = English;
			hasScannedForEncodings = 0;
			knownRegions = (
				en,
			);
			mainGroup = ADEB9465167AD62C00AC9E4C;
			productRefGroup = ADEB9471167AD62C00AC9E4C /* Products */;
			projectDirPath = "";
			projectRoot = "";
			targets = (
				ADEB946F167AD62C00AC9E4C /* 01.Quiz */,
			);
		};
/* End PBXProject section */

/* Begin PBXResourcesBuildPhase section */
		ADEB946E167AD62C00AC9E4C /* Resources */ = {
			isa = PBXResourcesBuildPhase;
			buildActionMask = 2147483647;
			files = (
				ADEB947F167AD62C00AC9E4C /* InfoPlist.strings in Resources */,
				ADEB948B167AD62C00AC9E4C /* QuizViewController.xib in Resources */,
				AD723923169E6694009329A2 /* Default-Portrait~ipad.png in Resources */,
				AD723925169E6698009329A2 /* Default-Portrait@2x~ipad.png in Resources */,
				AD723927169E66A1009329A2 /* ReactorIcon.png in Resources */,
				AD723929169E66A5009329A2 /* ReactorIconRetina.png in Resources */,
			);
			runOnlyForDeploymentPostprocessing = 0;
		};
/* End PBXResourcesBuildPhase section */

/* Begin PBXSourcesBuildPhase section */
		ADEB946C167AD62C00AC9E4C /* Sources */ = {
			isa = PBXSourcesBuildPhase;
			buildActionMask = 2147483647;
			files = (
				ADEB9481167AD62C00AC9E4C /* main.m in Sources */,
				ADEB9485167AD62C00AC9E4C /* QuizAppDelegate.m in Sources */,
				ADEB9488167AD62C00AC9E4C /* QuizViewController.m in Sources */,
			);
			runOnlyForDeploymentPostprocessing = 0;
		};
/* End PBXSourcesBuildPhase section */

/* Begin PBXVariantGroup section */
		ADEB947D167AD62C00AC9E4C /* InfoPlist.strings */ = {
			isa = PBXVariantGroup;
			children = (
				ADEB947E167AD62C00AC9E4C /* en */,
			);
			name = InfoPlist.strings;
			sourceTree = "<group>";
		};
		ADEB9489167AD62C00AC9E4C /* QuizViewController.xib */ = {
			isa = PBXVariantGroup;
			children = (
				ADEB948A167AD62C00AC9E4C /* en */,
			);
			name = QuizViewController.xib;
			sourceTree = "<group>";
		};
/* End PBXVariantGroup section */

/* Begin XCBuildConfiguration section */
		ADEB948C167AD62C00AC9E4C /* Debug */ = {
			isa = XCBuildConfiguration;
			buildSettings = {
				ALWAYS_SEARCH_USER_PATHS = NO;
				ARCHS = "$(ARCHS_STANDARD_32_BIT)";
				CLANG_ENABLE_OBJC_ARC = YES;
				"CODE_SIGN_IDENTITY[sdk=iphoneos*]" = "iPhone Developer";
				COPY_PHASE_STRIP = NO;
				GCC_C_LANGUAGE_STANDARD = gnu99;
				GCC_DYNAMIC_NO_PIC = NO;
				GCC_OPTIMIZATION_LEVEL = 0;
				GCC_PREPROCESSOR_DEFINITIONS = (
					"DEBUG=1",
					"$(inherited)",
				);
				GCC_SYMBOLS_PRIVATE_EXTERN = NO;
				GCC_VERSION = com.apple.compilers.llvm.clang.1_0;
				GCC_WARN_ABOUT_RETURN_TYPE = YES;
				GCC_WARN_UNINITIALIZED_AUTOS = YES;
				GCC_WARN_UNUSED_VARIABLE = YES;
				IPHONEOS_DEPLOYMENT_TARGET = 6.0;
				SDKROOT = iphoneos;
			};
			name = Debug;
		};
		ADEB948D167AD62C00AC9E4C /* Release */ = {
			isa = XCBuildConfiguration;
			buildSettings = {
				ALWAYS_SEARCH_USER_PATHS = NO;
				ARCHS = "$(ARCHS_STANDARD_32_BIT)";
				CLANG_ENABLE_OBJC_ARC = YES;
				"CODE_SIGN_IDENTITY[sdk=iphoneos*]" = "iPhone Developer";
				COPY_PHASE_STRIP = YES;
				GCC_C_LANGUAGE_STANDARD = gnu99;
				GCC_VERSION = com.apple.compilers.llvm.clang.1_0;
				GCC_WARN_ABOUT_RETURN_TYPE = YES;
				GCC_WARN_UNINITIALIZED_AUTOS = YES;
				GCC_WARN_UNUSED_VARIABLE = YES;
				IPHONEOS_DEPLOYMENT_TARGET = 6.0;
				OTHER_CFLAGS = "-DNS_BLOCK_ASSERTIONS=1";
				SDKROOT = iphoneos;
				VALIDATE_PRODUCT = YES;
			};
			name = Release;
		};
		ADEB948F167AD62C00AC9E4C /* Debug */ = {
			isa = XCBuildConfiguration;
			buildSettings = {
				GCC_PRECOMPILE_PREFIX_HEADER = YES;
				GCC_PREFIX_HEADER = "Quiz/01.Quiz-Prefix.pch";
				INFOPLIST_FILE = "Quiz/01.Quiz-Info.plist";
				IPHONEOS_DEPLOYMENT_TARGET = 6.0;
				PRODUCT_NAME = 01.Quiz;
				TARGETED_DEVICE_FAMILY = 2;
				WRAPPER_EXTENSION = app;
			};
			name = Debug;
		};
		ADEB9490167AD62C00AC9E4C /* Release */ = {
			isa = XCBuildConfiguration;
			buildSettings = {
				GCC_PRECOMPILE_PREFIX_HEADER = YES;
				GCC_PREFIX_HEADER = "Quiz/01.Quiz-Prefix.pch";
				INFOPLIST_FILE = "Quiz/01.Quiz-Info.plist";
				IPHONEOS_DEPLOYMENT_TARGET = 6.0;
				PRODUCT_NAME = 01.Quiz;
				TARGETED_DEVICE_FAMILY = 2;
				WRAPPER_EXTENSION = app;
			};
			name = Release;
		};
/* End XCBuildConfiguration section */

/* Begin XCConfigurationList section */
		ADEB946A167AD62C00AC9E4C /* Build configuration list for PBXProject "01.Quiz" */ = {
			isa = XCConfigurationList;
			buildConfigurations = (
				ADEB948C167AD62C00AC9E4C /* Debug */,
				ADEB948D167AD62C00AC9E4C /* Release */,
			);
			defaultConfigurationIsVisible = 0;
			defaultConfigurationName = Release;
		};
		ADEB948E167AD62C00AC9E4C /* Build configuration list for PBXNativeTarget "01.Quiz" */ = {
			isa = XCConfigurationList;
			buildConfigurations = (
				ADEB948F167AD62C00AC9E4C /* Debug */,
				ADEB9490167AD62C00AC9E4C /* Release */,
			);
			defaultConfigurationIsVisible = 0;
			defaultConfigurationName = Release;
		};
/* End XCConfigurationList section */
	};
	rootObject = ADEB9467167AD62C00AC9E4C /* Project object */;
}
